
Microsoft Visual Studio Solution File, Format Version 12.00
# Visual Studio Version 17
VisualStudioVersion = 17.10.35013.160
MinimumVisualStudioVersion = 10.0.40219.1
Project("{9A19103F-16F7-4668-BE54-9A1E7A4F7556}") = "AirlineReservation.Application", "AirlineReservation.Application\AirlineReservation.Application.csproj", "{AC57904B-7AB3-4303-A819-4ED0710614CB}"
EndProject
Project("{9A19103F-16F7-4668-BE54-9A1E7A4F7556}") = "AirlineReservation.Domain", "AirlineReservation.Domain\AirlineReservation.Domain.csproj", "{D7542D10-6668-4BF0-A4EF-A444DBBCD818}"
EndProject
Project("{9A19103F-16F7-4668-BE54-9A1E7A4F7556}") = "AirlineSystem.IOC", "AirlineSystem.IOC\AirlineSystem.IOC.csproj", "{84F75D77-1946-4BEE-A475-93F3D55E344F}"
EndProject
Project("{9A19103F-16F7-4668-BE54-9A1E7A4F7556}") = "AirlineSystem.Api", "AirlineSystem.Api\AirlineSystem.Api.csproj", "{CFE816F0-2A67-4710-B55F-AFDADDFCE821}"
EndProject
Project("{FAE04EC0-301F-11D3-BF4B-00C04F79EFBC}") = "AirLineReservation.Exceptions", "AirLineReservation.Exceptions\AirLineReservation.Exceptions.csproj", "{15DA59D0-1E25-48E7-A84A-3C12B0BC855B}"
EndProject
Global
	GlobalSection(SolutionConfigurationPlatforms) = preSolution
		Debug|Any CPU = Debug|Any CPU
		Release|Any CPU = Release|Any CPU
	EndGlobalSection
	GlobalSection(ProjectConfigurationPlatforms) = postSolution
		{AC57904B-7AB3-4303-A819-4ED0710614CB}.Debug|Any CPU.ActiveCfg = Debug|Any CPU
		{AC57904B-7AB3-4303-A819-4ED0710614CB}.Debug|Any CPU.Build.0 = Debug|Any CPU
		{AC57904B-7AB3-4303-A819-4ED0710614CB}.Release|Any CPU.ActiveCfg = Release|Any CPU
		{AC57904B-7AB3-4303-A819-4ED0710614CB}.Release|Any CPU.Build.0 = Release|Any CPU
		{D7542D10-6668-4BF0-A4EF-A444DBBCD818}.Debug|Any CPU.ActiveCfg = Debug|Any CPU
		{D7542D10-6668-4BF0-A4EF-A444DBBCD818}.Debug|Any CPU.Build.0 = Debug|Any CPU
		{D7542D10-6668-4BF0-A4EF-A444DBBCD818}.Release|Any CPU.ActiveCfg = Release|Any CPU
		{D7542D10-6668-4BF0-A4EF-A444DBBCD818}.Release|Any CPU.Build.0 = Release|Any CPU
		{84F75D77-1946-4BEE-A475-93F3D55E344F}.Debug|Any CPU.ActiveCfg = Debug|Any CPU
		{84F75D77-1946-4BEE-A475-93F3D55E344F}.Debug|Any CPU.Build.0 = Debug|Any CPU
		{84F75D77-1946-4BEE-A475-93F3D55E344F}.Release|Any CPU.ActiveCfg = Release|Any CPU
		{84F75D77-1946-4BEE-A475-93F3D55E344F}.Release|Any CPU.Build.0 = Release|Any CPU
		{CFE816F0-2A67-4710-B55F-AFDADDFCE821}.Debug|Any CPU.ActiveCfg = Debug|Any CPU
		{CFE816F0-2A67-4710-B55F-AFDADDFCE821}.Debug|Any CPU.Build.0 = Debug|Any CPU
		{CFE816F0-2A67-4710-B55F-AFDADDFCE821}.Release|Any CPU.ActiveCfg = Release|Any CPU
		{CFE816F0-2A67-4710-B55F-AFDADDFCE821}.Release|Any CPU.Build.0 = Release|Any CPU
		{15DA59D0-1E25-48E7-A84A-3C12B0BC855B}.Debug|Any CPU.ActiveCfg = Debug|Any CPU
		{15DA59D0-1E25-48E7-A84A-3C12B0BC855B}.Debug|Any CPU.Build.0 = Debug|Any CPU
		{15DA59D0-1E25-48E7-A84A-3C12B0BC855B}.Release|Any CPU.ActiveCfg = Release|Any CPU
		{15DA59D0-1E25-48E7-A84A-3C12B0BC855B}.Release|Any CPU.Build.0 = Release|Any CPU
	EndGlobalSection
	GlobalSection(SolutionProperties) = preSolution
		HideSolutionNode = FALSE
	EndGlobalSection
	GlobalSection(ExtensibilityGlobals) = postSolution
		SolutionGuid = {94D8378E-EAD5-40B9-9FE7-539547668B87}
	EndGlobalSection
EndGlobal
